
Microsoft Visual Studio Solution File, Format Version 12.00
# Visual Studio Version 17
VisualStudioVersion = 17.5.33627.172
MinimumVisualStudioVersion = 10.0.40219.1
Project("{FAE04EC0-301F-11D3-BF4B-00C04F79EFBC}") = "SeaBattle3", "SeaBattle3\SeaBattle3.csproj", "{F05A4732-826F-4806-ABF4-8ABAB86ECA4F}"
EndProject
Global
	GlobalSection(SolutionConfigurationPlatforms) = preSolution
		Debug|Any CPU = Debug|Any CPU
		Release|Any CPU = Release|Any CPU
	EndGlobalSection
	GlobalSection(ProjectConfigurationPlatforms) = postSolution
		{F05A4732-826F-4806-ABF4-8ABAB86ECA4F}.Debug|Any CPU.ActiveCfg = Debug|Any CPU
		{F05A4732-826F-4806-ABF4-8ABAB86ECA4F}.Debug|Any CPU.Build.0 = Debug|Any CPU
		{F05A4732-826F-4806-ABF4-8ABAB86ECA4F}.Release|Any CPU.ActiveCfg = Release|Any CPU
		{F05A4732-826F-4806-ABF4-8ABAB86ECA4F}.Release|Any CPU.Build.0 = Release|Any CPU
	EndGlobalSection
	GlobalSection(SolutionProperties) = preSolution
		HideSolutionNode = FALSE
	EndGlobalSection
	GlobalSection(ExtensibilityGlobals) = postSolution
		SolutionGuid = {6925E0AD-5D2A-4248-8A4E-B1F0BD990A84}
	EndGlobalSection
EndGlobal
